
Microsoft Visual Studio Solution File, Format Version 12.00
# Visual Studio 15
VisualStudioVersion = 15.0.28307.329
MinimumVisualStudioVersion = 10.0.40219.1
Project("{FAE04EC0-301F-11D3-BF4B-00C04F79EFBC}") = "MathTest", "MathTest\MathTest.csproj", "{3303A568-AB72-4A87-A8C9-B065F61FD2FF}"
EndProject
Project("{FAE04EC0-301F-11D3-BF4B-00C04F79EFBC}") = "UnitTestMath", "UnitTestMath\UnitTestMath.csproj", "{376F283F-5393-44E3-A7A0-F853B0198DD7}"
EndProject
Global
	GlobalSection(SolutionConfigurationPlatforms) = preSolution
		Debug|ARM = Debug|ARM
		Debug|ARM64 = Debug|ARM64
		Debug|x64 = Debug|x64
		Debug|x86 = Debug|x86
		Release|ARM = Release|ARM
		Release|ARM64 = Release|ARM64
		Release|x64 = Release|x64
		Release|x86 = Release|x86
	EndGlobalSection
	GlobalSection(ProjectConfigurationPlatforms) = postSolution
		{3303A568-AB72-4A87-A8C9-B065F61FD2FF}.Debug|ARM.ActiveCfg = Debug|ARM
		{3303A568-AB72-4A87-A8C9-B065F61FD2FF}.Debug|ARM.Build.0 = Debug|ARM
		{3303A568-AB72-4A87-A8C9-B065F61FD2FF}.Debug|ARM.Deploy.0 = Debug|ARM
		{3303A568-AB72-4A87-A8C9-B065F61FD2FF}.Debug|ARM64.ActiveCfg = Debug|ARM64
		{3303A568-AB72-4A87-A8C9-B065F61FD2FF}.Debug|ARM64.Build.0 = Debug|ARM64
		{3303A568-AB72-4A87-A8C9-B065F61FD2FF}.Debug|ARM64.Deploy.0 = Debug|ARM64
		{3303A568-AB72-4A87-A8C9-B065F61FD2FF}.Debug|x64.ActiveCfg = Debug|x64
		{3303A568-AB72-4A87-A8C9-B065F61FD2FF}.Debug|x64.Build.0 = Debug|x64
		{3303A568-AB72-4A87-A8C9-B065F61FD2FF}.Debug|x64.Deploy.0 = Debug|x64
		{3303A568-AB72-4A87-A8C9-B065F61FD2FF}.Debug|x86.ActiveCfg = Debug|x86
		{3303A568-AB72-4A87-A8C9-B065F61FD2FF}.Debug|x86.Build.0 = Debug|x86
		{3303A568-AB72-4A87-A8C9-B065F61FD2FF}.Debug|x86.Deploy.0 = Debug|x86
		{3303A568-AB72-4A87-A8C9-B065F61FD2FF}.Release|ARM.ActiveCfg = Release|ARM
		{3303A568-AB72-4A87-A8C9-B065F61FD2FF}.Release|ARM.Build.0 = Release|ARM
		{3303A568-AB72-4A87-A8C9-B065F61FD2FF}.Release|ARM.Deploy.0 = Release|ARM
		{3303A568-AB72-4A87-A8C9-B065F61FD2FF}.Release|ARM64.ActiveCfg = Release|ARM64
		{3303A568-AB72-4A87-A8C9-B065F61FD2FF}.Release|ARM64.Build.0 = Release|ARM64
		{3303A568-AB72-4A87-A8C9-B065F61FD2FF}.Release|ARM64.Deploy.0 = Release|ARM64
		{3303A568-AB72-4A87-A8C9-B065F61FD2FF}.Release|x64.ActiveCfg = Release|x64
		{3303A568-AB72-4A87-A8C9-B065F61FD2FF}.Release|x64.Build.0 = Release|x64
		{3303A568-AB72-4A87-A8C9-B065F61FD2FF}.Release|x64.Deploy.0 = Release|x64
		{3303A568-AB72-4A87-A8C9-B065F61FD2FF}.Release|x86.ActiveCfg = Release|x86
		{3303A568-AB72-4A87-A8C9-B065F61FD2FF}.Release|x86.Build.0 = Release|x86
		{3303A568-AB72-4A87-A8C9-B065F61FD2FF}.Release|x86.Deploy.0 = Release|x86
		{376F283F-5393-44E3-A7A0-F853B0198DD7}.Debug|ARM.ActiveCfg = Debug|ARM
		{376F283F-5393-44E3-A7A0-F853B0198DD7}.Debug|ARM.Build.0 = Debug|ARM
		{376F283F-5393-44E3-A7A0-F853B0198DD7}.Debug|ARM.Deploy.0 = Debug|ARM
		{376F283F-5393-44E3-A7A0-F853B0198DD7}.Debug|ARM64.ActiveCfg = Debug|ARM64
		{376F283F-5393-44E3-A7A0-F853B0198DD7}.Debug|ARM64.Build.0 = Debug|ARM64
		{376F283F-5393-44E3-A7A0-F853B0198DD7}.Debug|ARM64.Deploy.0 = Debug|ARM64
		{376F283F-5393-44E3-A7A0-F853B0198DD7}.Debug|x64.ActiveCfg = Debug|x64
		{376F283F-5393-44E3-A7A0-F853B0198DD7}.Debug|x64.Build.0 = Debug|x64
		{376F283F-5393-44E3-A7A0-F853B0198DD7}.Debug|x64.Deploy.0 = Debug|x64
		{376F283F-5393-44E3-A7A0-F853B0198DD7}.Debug|x86.ActiveCfg = Debug|x86
		{376F283F-5393-44E3-A7A0-F853B0198DD7}.Debug|x86.Build.0 = Debug|x86
		{376F283F-5393-44E3-A7A0-F853B0198DD7}.Debug|x86.Deploy.0 = Debug|x86
		{376F283F-5393-44E3-A7A0-F853B0198DD7}.Release|ARM.ActiveCfg = Release|ARM
		{376F283F-5393-44E3-A7A0-F853B0198DD7}.Release|ARM.Build.0 = Release|ARM
		{376F283F-5393-44E3-A7A0-F853B0198DD7}.Release|ARM.Deploy.0 = Release|ARM
		{376F283F-5393-44E3-A7A0-F853B0198DD7}.Release|ARM64.ActiveCfg = Release|ARM64
		{376F283F-5393-44E3-A7A0-F853B0198DD7}.Release|ARM64.Build.0 = Release|ARM64
		{376F283F-5393-44E3-A7A0-F853B0198DD7}.Release|ARM64.Deploy.0 = Release|ARM64
		{376F283F-5393-44E3-A7A0-F853B0198DD7}.Release|x64.ActiveCfg = Release|x64
		{376F283F-5393-44E3-A7A0-F853B0198DD7}.Release|x64.Build.0 = Release|x64
		{376F283F-5393-44E3-A7A0-F853B0198DD7}.Release|x64.Deploy.0 = Release|x64
		{376F283F-5393-44E3-A7A0-F853B0198DD7}.Release|x86.ActiveCfg = Release|x86
		{376F283F-5393-44E3-A7A0-F853B0198DD7}.Release|x86.Build.0 = Release|x86
		{376F283F-5393-44E3-A7A0-F853B0198DD7}.Release|x86.Deploy.0 = Release|x86
	EndGlobalSection
	GlobalSection(SolutionProperties) = preSolution
		HideSolutionNode = FALSE
	EndGlobalSection
	GlobalSection(ExtensibilityGlobals) = postSolution
		SolutionGuid = {07FE9AAE-71EE-4657-A51F-A101D9110A41}
	EndGlobalSection
EndGlobal
